version: 2.0
shards:
  crystglfw:
    git: https://github.com/calebuharrison/crystglfw.git
    version: 0.3.0+git.commit.ef6f2e196b94125a9fbd0324c4ab812bccdfe7ea

  lib_gl:
    git: https://github.com/calebuharrison/libgl.git
    version: 0.1.0+git.commit.fed2ca7f6cd15efea94458b234c3ca5b0a8ffc5e

  lib_glfw:
    git: https://github.com/calebuharrison/libglfw.git
    version: 0.1.0+git.commit.4cf7c3774f278d7e044bb30a35b104f5b12fdc53

  stumpy_core:
    git: https://github.com/stumpycr/stumpy_core.git
    version: 1.9.1

  stumpy_png:
    git: https://github.com/stumpycr/stumpy_png.git
    version: 5.0.1

